
Microsoft Visual Studio Solution File, Format Version 12.00
# Visual Studio Version 16
VisualStudioVersion = 16.0.29728.190
MinimumVisualStudioVersion = 10.0.40219.1
Project("{FAE04EC0-301F-11D3-BF4B-00C04F79EFBC}") = "RecipeWebApp", "RecipeWebApp\RecipeWebApp.csproj", "{C0E4D2F4-D9F0-4989-8074-B87AB0100C6C}"
EndProject
Global
	GlobalSection(SolutionConfigurationPlatforms) = preSolution
		Debug|Any CPU = Debug|Any CPU
		Release|Any CPU = Release|Any CPU
	EndGlobalSection
	GlobalSection(ProjectConfigurationPlatforms) = postSolution
		{C0E4D2F4-D9F0-4989-8074-B87AB0100C6C}.Debug|Any CPU.ActiveCfg = Debug|Any CPU
		{C0E4D2F4-D9F0-4989-8074-B87AB0100C6C}.Debug|Any CPU.Build.0 = Debug|Any CPU
		{C0E4D2F4-D9F0-4989-8074-B87AB0100C6C}.Release|Any CPU.ActiveCfg = Release|Any CPU
		{C0E4D2F4-D9F0-4989-8074-B87AB0100C6C}.Release|Any CPU.Build.0 = Release|Any CPU
	EndGlobalSection
	GlobalSection(SolutionProperties) = preSolution
		HideSolutionNode = FALSE
	EndGlobalSection
	GlobalSection(ExtensibilityGlobals) = postSolution
		SolutionGuid = {33821C74-F50A-49FC-B615-6FFDAC6CA91F}
	EndGlobalSection
EndGlobal
